
Microsoft Visual Studio Solution File, Format Version 12.00
# Visual Studio 15
VisualStudioVersion = 15.0.27130.2024
MinimumVisualStudioVersion = 10.0.40219.1
Project("{2150E333-8FDC-42A3-9474-1A3956D46DE8}") = "Presentation", "Presentation", "{218E3772-0809-49D4-93FF-C33829A1EBCC}"
EndProject
Project("{9A19103F-16F7-4668-BE54-9A1E7A4F7556}") = "OEP.Web", "OEP.Web\OEP.Web.csproj", "{3104DACD-D1AE-4A11-ADC4-1A70A2882A62}"
EndProject
Project("{2150E333-8FDC-42A3-9474-1A3956D46DE8}") = "Core", "Core", "{71FFCFF4-7DB7-40EE-AA40-2AF447250F4A}"
EndProject
Project("{2150E333-8FDC-42A3-9474-1A3956D46DE8}") = "Data", "Data", "{7442D4E0-EDDA-4C11-9D76-A3047002EC25}"
EndProject
Project("{FAE04EC0-301F-11D3-BF4B-00C04F79EFBC}") = "OEP.Core", "OEP.Core\OEP.Core.csproj", "{624E89F9-696C-4853-88DE-EDEF0C63D0FB}"
EndProject
Project("{FAE04EC0-301F-11D3-BF4B-00C04F79EFBC}") = "OEP.Services", "OEP.Services\OEP.Services.csproj", "{AB3A73FA-8EB8-40E6-9806-773AB31CC286}"
EndProject
Project("{FAE04EC0-301F-11D3-BF4B-00C04F79EFBC}") = "OEP.Data", "OEP.Data\OEP.Data.csproj", "{6CBA940B-2B16-4710-9C07-FC93D86C2F55}"
EndProject
Project("{FAE04EC0-301F-11D3-BF4B-00C04F79EFBC}") = "OEP.Resources", "OEP.Resources\OEP.Resources.csproj", "{59578D7A-4F8B-4125-83A4-F6468920DB7B}"
EndProject
Global
	GlobalSection(SolutionConfigurationPlatforms) = preSolution
		Debug|Any CPU = Debug|Any CPU
		Release|Any CPU = Release|Any CPU
	EndGlobalSection
	GlobalSection(ProjectConfigurationPlatforms) = postSolution
		{3104DACD-D1AE-4A11-ADC4-1A70A2882A62}.Debug|Any CPU.ActiveCfg = Debug|Any CPU
		{3104DACD-D1AE-4A11-ADC4-1A70A2882A62}.Debug|Any CPU.Build.0 = Debug|Any CPU
		{3104DACD-D1AE-4A11-ADC4-1A70A2882A62}.Release|Any CPU.ActiveCfg = Release|Any CPU
		{3104DACD-D1AE-4A11-ADC4-1A70A2882A62}.Release|Any CPU.Build.0 = Release|Any CPU
		{624E89F9-696C-4853-88DE-EDEF0C63D0FB}.Debug|Any CPU.ActiveCfg = Debug|Any CPU
		{624E89F9-696C-4853-88DE-EDEF0C63D0FB}.Debug|Any CPU.Build.0 = Debug|Any CPU
		{624E89F9-696C-4853-88DE-EDEF0C63D0FB}.Release|Any CPU.ActiveCfg = Release|Any CPU
		{624E89F9-696C-4853-88DE-EDEF0C63D0FB}.Release|Any CPU.Build.0 = Release|Any CPU
		{AB3A73FA-8EB8-40E6-9806-773AB31CC286}.Debug|Any CPU.ActiveCfg = Debug|Any CPU
		{AB3A73FA-8EB8-40E6-9806-773AB31CC286}.Debug|Any CPU.Build.0 = Debug|Any CPU
		{AB3A73FA-8EB8-40E6-9806-773AB31CC286}.Release|Any CPU.ActiveCfg = Release|Any CPU
		{AB3A73FA-8EB8-40E6-9806-773AB31CC286}.Release|Any CPU.Build.0 = Release|Any CPU
		{6CBA940B-2B16-4710-9C07-FC93D86C2F55}.Debug|Any CPU.ActiveCfg = Debug|Any CPU
		{6CBA940B-2B16-4710-9C07-FC93D86C2F55}.Debug|Any CPU.Build.0 = Debug|Any CPU
		{6CBA940B-2B16-4710-9C07-FC93D86C2F55}.Release|Any CPU.ActiveCfg = Release|Any CPU
		{6CBA940B-2B16-4710-9C07-FC93D86C2F55}.Release|Any CPU.Build.0 = Release|Any CPU
		{59578D7A-4F8B-4125-83A4-F6468920DB7B}.Debug|Any CPU.ActiveCfg = Debug|Any CPU
		{59578D7A-4F8B-4125-83A4-F6468920DB7B}.Debug|Any CPU.Build.0 = Debug|Any CPU
		{59578D7A-4F8B-4125-83A4-F6468920DB7B}.Release|Any CPU.ActiveCfg = Release|Any CPU
		{59578D7A-4F8B-4125-83A4-F6468920DB7B}.Release|Any CPU.Build.0 = Release|Any CPU
	EndGlobalSection
	GlobalSection(SolutionProperties) = preSolution
		HideSolutionNode = FALSE
	EndGlobalSection
	GlobalSection(NestedProjects) = preSolution
		{3104DACD-D1AE-4A11-ADC4-1A70A2882A62} = {218E3772-0809-49D4-93FF-C33829A1EBCC}
		{624E89F9-696C-4853-88DE-EDEF0C63D0FB} = {71FFCFF4-7DB7-40EE-AA40-2AF447250F4A}
		{AB3A73FA-8EB8-40E6-9806-773AB31CC286} = {71FFCFF4-7DB7-40EE-AA40-2AF447250F4A}
		{6CBA940B-2B16-4710-9C07-FC93D86C2F55} = {7442D4E0-EDDA-4C11-9D76-A3047002EC25}
		{59578D7A-4F8B-4125-83A4-F6468920DB7B} = {7442D4E0-EDDA-4C11-9D76-A3047002EC25}
	EndGlobalSection
	GlobalSection(ExtensibilityGlobals) = postSolution
		SolutionGuid = {92719D71-228F-4C6F-96A7-54E76B95B91A}
	EndGlobalSection
EndGlobal
