
Microsoft Visual Studio Solution File, Format Version 12.00
# Visual Studio 15
VisualStudioVersion = 15.0.27130.2024
MinimumVisualStudioVersion = 10.0.40219.1
Project("{2150E333-8FDC-42A3-9474-1A3956D46DE8}") = "Presentation", "Presentation", "{218E3772-0809-49D4-93FF-C33829A1EBCC}"
EndProject
Project("{FAE04EC0-301F-11D3-BF4B-00C04F79EFBC}") = "OEP.Web", "OEP.Web\OEP.Web.csproj", "{3104DACD-D1AE-4A11-ADC4-1A70A2882A62}"
EndProject
Global
	GlobalSection(SolutionConfigurationPlatforms) = preSolution
		Debug|Any CPU = Debug|Any CPU
		Release|Any CPU = Release|Any CPU
	EndGlobalSection
	GlobalSection(ProjectConfigurationPlatforms) = postSolution
		{3104DACD-D1AE-4A11-ADC4-1A70A2882A62}.Debug|Any CPU.ActiveCfg = Debug|Any CPU
		{3104DACD-D1AE-4A11-ADC4-1A70A2882A62}.Debug|Any CPU.Build.0 = Debug|Any CPU
		{3104DACD-D1AE-4A11-ADC4-1A70A2882A62}.Release|Any CPU.ActiveCfg = Release|Any CPU
		{3104DACD-D1AE-4A11-ADC4-1A70A2882A62}.Release|Any CPU.Build.0 = Release|Any CPU
	EndGlobalSection
	GlobalSection(SolutionProperties) = preSolution
		HideSolutionNode = FALSE
	EndGlobalSection
	GlobalSection(NestedProjects) = preSolution
		{3104DACD-D1AE-4A11-ADC4-1A70A2882A62} = {218E3772-0809-49D4-93FF-C33829A1EBCC}
	EndGlobalSection
	GlobalSection(ExtensibilityGlobals) = postSolution
		SolutionGuid = {92719D71-228F-4C6F-96A7-54E76B95B91A}
	EndGlobalSection
EndGlobal
