
Microsoft Visual Studio Solution File, Format Version 12.00
# Visual Studio 14
VisualStudioVersion = 14.0.25420.1
MinimumVisualStudioVersion = 10.0.40219.1
Project("{2150E333-8FDC-42A3-9474-1A3956D46DE8}") = "Business", "Business", "{1196FCDF-8E00-40B1-B08D-2812ACA06159}"
EndProject
Project("{2150E333-8FDC-42A3-9474-1A3956D46DE8}") = "Presentation", "Presentation", "{D6DFA58E-B9DC-4749-A397-B6631EDC90DC}"
EndProject
Project("{2150E333-8FDC-42A3-9474-1A3956D46DE8}") = "Data", "Data", "{B3EC5763-9ED7-4535-B5DD-405FF2940754}"
EndProject
Project("{FAE04EC0-301F-11D3-BF4B-00C04F79EFBC}") = "OEP.Core", "OEP.Core\OEP.Core.csproj", "{8900CF77-7F18-481A-BC34-C3D4024FFCEE}"
EndProject
Project("{FAE04EC0-301F-11D3-BF4B-00C04F79EFBC}") = "OEP.Services", "OEP.Services\OEP.Services.csproj", "{1CB95EF4-F6F6-4751-82F4-814817A2528E}"
EndProject
Project("{FAE04EC0-301F-11D3-BF4B-00C04F79EFBC}") = "OEP.Data", "OEP.Data\OEP.Data.csproj", "{AA044330-09BB-415D-8BB5-0A94AC58951F}"
EndProject
Project("{FAE04EC0-301F-11D3-BF4B-00C04F79EFBC}") = "OEP.Resources", "OEP.Resources\OEP.Resources.csproj", "{C45D667D-96C5-49E7-B96E-6C0746C7527D}"
EndProject
Project("{FAE04EC0-301F-11D3-BF4B-00C04F79EFBC}") = "OEP.Web", "OEP.Web\OEP.Web.csproj", "{4A3E404C-FC6E-434D-9446-B136E181A814}"
EndProject
Project("{FAE04EC0-301F-11D3-BF4B-00C04F79EFBC}") = "OEP.Web.Tests", "OEP.Web.Tests\OEP.Web.Tests.csproj", "{5EB6A573-3F2E-41BF-9205-46FA8350CD24}"
EndProject
Global
	GlobalSection(SolutionConfigurationPlatforms) = preSolution
		Debug|Any CPU = Debug|Any CPU
		Release|Any CPU = Release|Any CPU
	EndGlobalSection
	GlobalSection(ProjectConfigurationPlatforms) = postSolution
		{8900CF77-7F18-481A-BC34-C3D4024FFCEE}.Debug|Any CPU.ActiveCfg = Debug|Any CPU
		{8900CF77-7F18-481A-BC34-C3D4024FFCEE}.Debug|Any CPU.Build.0 = Debug|Any CPU
		{8900CF77-7F18-481A-BC34-C3D4024FFCEE}.Release|Any CPU.ActiveCfg = Release|Any CPU
		{8900CF77-7F18-481A-BC34-C3D4024FFCEE}.Release|Any CPU.Build.0 = Release|Any CPU
		{1CB95EF4-F6F6-4751-82F4-814817A2528E}.Debug|Any CPU.ActiveCfg = Debug|Any CPU
		{1CB95EF4-F6F6-4751-82F4-814817A2528E}.Debug|Any CPU.Build.0 = Debug|Any CPU
		{1CB95EF4-F6F6-4751-82F4-814817A2528E}.Release|Any CPU.ActiveCfg = Release|Any CPU
		{1CB95EF4-F6F6-4751-82F4-814817A2528E}.Release|Any CPU.Build.0 = Release|Any CPU
		{AA044330-09BB-415D-8BB5-0A94AC58951F}.Debug|Any CPU.ActiveCfg = Debug|Any CPU
		{AA044330-09BB-415D-8BB5-0A94AC58951F}.Debug|Any CPU.Build.0 = Debug|Any CPU
		{AA044330-09BB-415D-8BB5-0A94AC58951F}.Release|Any CPU.ActiveCfg = Release|Any CPU
		{AA044330-09BB-415D-8BB5-0A94AC58951F}.Release|Any CPU.Build.0 = Release|Any CPU
		{C45D667D-96C5-49E7-B96E-6C0746C7527D}.Debug|Any CPU.ActiveCfg = Debug|Any CPU
		{C45D667D-96C5-49E7-B96E-6C0746C7527D}.Debug|Any CPU.Build.0 = Debug|Any CPU
		{C45D667D-96C5-49E7-B96E-6C0746C7527D}.Release|Any CPU.ActiveCfg = Release|Any CPU
		{C45D667D-96C5-49E7-B96E-6C0746C7527D}.Release|Any CPU.Build.0 = Release|Any CPU
		{4A3E404C-FC6E-434D-9446-B136E181A814}.Debug|Any CPU.ActiveCfg = Debug|Any CPU
		{4A3E404C-FC6E-434D-9446-B136E181A814}.Debug|Any CPU.Build.0 = Debug|Any CPU
		{4A3E404C-FC6E-434D-9446-B136E181A814}.Release|Any CPU.ActiveCfg = Release|Any CPU
		{4A3E404C-FC6E-434D-9446-B136E181A814}.Release|Any CPU.Build.0 = Release|Any CPU
		{5EB6A573-3F2E-41BF-9205-46FA8350CD24}.Debug|Any CPU.ActiveCfg = Debug|Any CPU
		{5EB6A573-3F2E-41BF-9205-46FA8350CD24}.Debug|Any CPU.Build.0 = Debug|Any CPU
		{5EB6A573-3F2E-41BF-9205-46FA8350CD24}.Release|Any CPU.ActiveCfg = Release|Any CPU
		{5EB6A573-3F2E-41BF-9205-46FA8350CD24}.Release|Any CPU.Build.0 = Release|Any CPU
	EndGlobalSection
	GlobalSection(SolutionProperties) = preSolution
		HideSolutionNode = FALSE
	EndGlobalSection
	GlobalSection(NestedProjects) = preSolution
		{8900CF77-7F18-481A-BC34-C3D4024FFCEE} = {1196FCDF-8E00-40B1-B08D-2812ACA06159}
		{1CB95EF4-F6F6-4751-82F4-814817A2528E} = {1196FCDF-8E00-40B1-B08D-2812ACA06159}
		{AA044330-09BB-415D-8BB5-0A94AC58951F} = {B3EC5763-9ED7-4535-B5DD-405FF2940754}
		{C45D667D-96C5-49E7-B96E-6C0746C7527D} = {B3EC5763-9ED7-4535-B5DD-405FF2940754}
		{4A3E404C-FC6E-434D-9446-B136E181A814} = {D6DFA58E-B9DC-4749-A397-B6631EDC90DC}
		{5EB6A573-3F2E-41BF-9205-46FA8350CD24} = {D6DFA58E-B9DC-4749-A397-B6631EDC90DC}
	EndGlobalSection
	GlobalSection(ExtensibilityGlobals) = postSolution
		SolutionGuid = {92D7FCBA-60B0-4719-A175-41C84B0CCCDA}
	EndGlobalSection
EndGlobal
